// !$*UTF8*$!
{
	archiveVersion = 1;
	classes = {
	};
	objectVersion = 50;
	objects = {

/* Begin PBXBuildFile section */
		DF36BCA12450829600E976EF /* AppDelegate.swift in Sources */ = {isa = PBXBuildFile; fileRef = DF36BCA02450829600E976EF /* AppDelegate.swift */; };
		DF36BCA32450829600E976EF /* SceneDelegate.swift in Sources */ = {isa = PBXBuildFile; fileRef = DF36BCA22450829600E976EF /* SceneDelegate.swift */; };
		DF36BCA62450829600E976EF /* Landmarks.xcdatamodeld in Sources */ = {isa = PBXBuildFile; fileRef = DF36BCA42450829600E976EF /* Landmarks.xcdatamodeld */; };
		DF36BCA82450829600E976EF /* ContentView.swift in Sources */ = {isa = PBXBuildFile; fileRef = DF36BCA72450829600E976EF /* ContentView.swift */; };
		DF36BCAA2450829E00E976EF /* Assets.xcassets in Resources */ = {isa = PBXBuildFile; fileRef = DF36BCA92450829E00E976EF /* Assets.xcassets */; };
		DF36BCAD2450829E00E976EF /* Preview Assets.xcassets in Resources */ = {isa = PBXBuildFile; fileRef = DF36BCAC2450829E00E976EF /* Preview Assets.xcassets */; };
		DF36BCB02450829E00E976EF /* LaunchScreen.storyboard in Resources */ = {isa = PBXBuildFile; fileRef = DF36BCAE2450829E00E976EF /* LaunchScreen.storyboard */; };
		DF36BCBB2450829E00E976EF /* LandmarksTests.swift in Sources */ = {isa = PBXBuildFile; fileRef = DF36BCBA2450829E00E976EF /* LandmarksTests.swift */; };
		DF36BCC62450829E00E976EF /* LandmarksUITests.swift in Sources */ = {isa = PBXBuildFile; fileRef = DF36BCC52450829E00E976EF /* LandmarksUITests.swift */; };
/* End PBXBuildFile section */

/* Begin PBXContainerItemProxy section */
		DF36BCB72450829E00E976EF /* PBXContainerItemProxy */ = {
			isa = PBXContainerItemProxy;
			containerPortal = DF36BC952450829600E976EF /* Project object */;
			proxyType = 1;
			remoteGlobalIDString = DF36BC9C2450829600E976EF;
			remoteInfo = Landmarks;
		};
		DF36BCC22450829E00E976EF /* PBXContainerItemProxy */ = {
			isa = PBXContainerItemProxy;
			containerPortal = DF36BC952450829600E976EF /* Project object */;
			proxyType = 1;
			remoteGlobalIDString = DF36BC9C2450829600E976EF;
			remoteInfo = Landmarks;
		};
/* End PBXContainerItemProxy section */

/* Begin PBXFileReference section */
		DF36BC9D2450829600E976EF /* Landmarks.app */ = {isa = PBXFileReference; explicitFileType = wrapper.application; includeInIndex = 0; path = Landmarks.app; sourceTree = BUILT_PRODUCTS_DIR; };
		DF36BCA02450829600E976EF /* AppDelegate.swift */ = {isa = PBXFileReference; lastKnownFileType = sourcecode.swift; path = AppDelegate.swift; sourceTree = "<group>"; };
		DF36BCA22450829600E976EF /* SceneDelegate.swift */ = {isa = PBXFileReference; lastKnownFileType = sourcecode.swift; path = SceneDelegate.swift; sourceTree = "<group>"; };
		DF36BCA52450829600E976EF /* Landmarks.xcdatamodel */ = {isa = PBXFileReference; lastKnownFileType = wrapper.xcdatamodel; path = Landmarks.xcdatamodel; sourceTree = "<group>"; };
		DF36BCA72450829600E976EF /* ContentView.swift */ = {isa = PBXFileReference; lastKnownFileType = sourcecode.swift; path = ContentView.swift; sourceTree = "<group>"; };
		DF36BCA92450829E00E976EF /* Assets.xcassets */ = {isa = PBXFileReference; lastKnownFileType = folder.assetcatalog; path = Assets.xcassets; sourceTree = "<group>"; };
		DF36BCAC2450829E00E976EF /* Preview Assets.xcassets */ = {isa = PBXFileReference; lastKnownFileType = folder.assetcatalog; path = "Preview Assets.xcassets"; sourceTree = "<group>"; };
		DF36BCAF2450829E00E976EF /* Base */ = {isa = PBXFileReference; lastKnownFileType = file.storyboard; name = Base; path = Base.lproj/LaunchScreen.storyboard; sourceTree = "<group>"; };
		DF36BCB12450829E00E976EF /* Info.plist */ = {isa = PBXFileReference; lastKnownFileType = text.plist.xml; path = Info.plist; sourceTree = "<group>"; };
		DF36BCB62450829E00E976EF /* LandmarksTests.xctest */ = {isa = PBXFileReference; explicitFileType = wrapper.cfbundle; includeInIndex = 0; path = LandmarksTests.xctest; sourceTree = BUILT_PRODUCTS_DIR; };
		DF36BCBA2450829E00E976EF /* LandmarksTests.swift */ = {isa = PBXFileReference; lastKnownFileType = sourcecode.swift; path = LandmarksTests.swift; sourceTree = "<group>"; };
		DF36BCBC2450829E00E976EF /* Info.plist */ = {isa = PBXFileReference; lastKnownFileType = text.plist.xml; path = Info.plist; sourceTree = "<group>"; };
		DF36BCC12450829E00E976EF /* LandmarksUITests.xctest */ = {isa = PBXFileReference; explicitFileType = wrapper.cfbundle; includeInIndex = 0; path = LandmarksUITests.xctest; sourceTree = BUILT_PRODUCTS_DIR; };
		DF36BCC52450829E00E976EF /* LandmarksUITests.swift */ = {isa = PBXFileReference; lastKnownFileType = sourcecode.swift; path = LandmarksUITests.swift; sourceTree = "<group>"; };
		DF36BCC72450829E00E976EF /* Info.plist */ = {isa = PBXFileReference; lastKnownFileType = text.plist.xml; path = Info.plist; sourceTree = "<group>"; };
/* End PBXFileReference section */

/* Begin PBXFrameworksBuildPhase section */
		DF36BC9A2450829600E976EF /* Frameworks */ = {
			isa = PBXFrameworksBuildPhase;
			buildActionMask = 2147483647;
			files = (
			);
			runOnlyForDeploymentPostprocessing = 0;
		};
		DF36BCB32450829E00E976EF /* Frameworks */ = {
			isa = PBXFrameworksBuildPhase;
			buildActionMask = 2147483647;
			files = (
			);
			runOnlyForDeploymentPostprocessing = 0;
		};
		DF36BCBE2450829E00E976EF /* Frameworks */ = {
			isa = PBXFrameworksBuildPhase;
			buildActionMask = 2147483647;
			files = (
			);
			runOnlyForDeploymentPostprocessing = 0;
		};
/* End PBXFrameworksBuildPhase section */

/* Begin PBXGroup section */
		DF36BC942450829600E976EF = {
			isa = PBXGroup;
			children = (
				DF36BC9F2450829600E976EF /* Landmarks */,
				DF36BCB92450829E00E976EF /* LandmarksTests */,
				DF36BCC42450829E00E976EF /* LandmarksUITests */,
				DF36BC9E2450829600E976EF /* Products */,
			);
			sourceTree = "<group>";
		};
		DF36BC9E2450829600E976EF /* Products */ = {
			isa = PBXGroup;
			children = (
				DF36BC9D2450829600E976EF /* Landmarks.app */,
				DF36BCB62450829E00E976EF /* LandmarksTests.xctest */,
				DF36BCC12450829E00E976EF /* LandmarksUITests.xctest */,
			);
			name = Products;
			sourceTree = "<group>";
		};
		DF36BC9F2450829600E976EF /* Landmarks */ = {
			isa = PBXGroup;
			children = (
				DF36BCA02450829600E976EF /* AppDelegate.swift */,
				DF36BCA22450829600E976EF /* SceneDelegate.swift */,
				DF36BCA72450829600E976EF /* ContentView.swift */,
				DF36BCA92450829E00E976EF /* Assets.xcassets */,
				DF36BCAE2450829E00E976EF /* LaunchScreen.storyboard */,
				DF36BCB12450829E00E976EF /* Info.plist */,
				DF36BCA42450829600E976EF /* Landmarks.xcdatamodeld */,
				DF36BCAB2450829E00E976EF /* Preview Content */,
			);
			path = Landmarks;
			sourceTree = "<group>";
		};
		DF36BCAB2450829E00E976EF /* Preview Content */ = {
			isa = PBXGroup;
			children = (
				DF36BCAC2450829E00E976EF /* Preview Assets.xcassets */,
			);
			path = "Preview Content";
			sourceTree = "<group>";
		};
		DF36BCB92450829E00E976EF /* LandmarksTests */ = {
			isa = PBXGroup;
			children = (
				DF36BCBA2450829E00E976EF /* LandmarksTests.swift */,
				DF36BCBC2450829E00E976EF /* Info.plist */,
			);
			path = LandmarksTests;
			sourceTree = "<group>";
		};
		DF36BCC42450829E00E976EF /* LandmarksUITests */ = {
			isa = PBXGroup;
			children = (
				DF36BCC52450829E00E976EF /* LandmarksUITests.swift */,
				DF36BCC72450829E00E976EF /* Info.plist */,
			);
			path = LandmarksUITests;
			sourceTree = "<group>";
		};
/* End PBXGroup section */

/* Begin PBXNativeTarget section */
		DF36BC9C2450829600E976EF /* Landmarks */ = {
			isa = PBXNativeTarget;
			buildConfigurationList = DF36BCCA2450829E00E976EF /* Build configuration list for PBXNativeTarget "Landmarks" */;
			buildPhases = (
				DF36BC992450829600E976EF /* Sources */,
				DF36BC9A2450829600E976EF /* Frameworks */,
				DF36BC9B2450829600E976EF /* Resources */,
			);
			buildRules = (
			);
			dependencies = (
			);
			name = Landmarks;
			productName = Landmarks;
			productReference = DF36BC9D2450829600E976EF /* Landmarks.app */;
			productType = "com.apple.product-type.application";
		};
		DF36BCB52450829E00E976EF /* LandmarksTests */ = {
			isa = PBXNativeTarget;
			buildConfigurationList = DF36BCCD2450829E00E976EF /* Build configuration list for PBXNativeTarget "LandmarksTests" */;
			buildPhases = (
				DF36BCB22450829E00E976EF /* Sources */,
				DF36BCB32450829E00E976EF /* Frameworks */,
				DF36BCB42450829E00E976EF /* Resources */,
			);
			buildRules = (
			);
			dependencies = (
				DF36BCB82450829E00E976EF /* PBXTargetDependency */,
			);
			name = LandmarksTests;
			productName = LandmarksTests;
			productReference = DF36BCB62450829E00E976EF /* LandmarksTests.xctest */;
			productType = "com.apple.product-type.bundle.unit-test";
		};
		DF36BCC02450829E00E976EF /* LandmarksUITests */ = {
			isa = PBXNativeTarget;
			buildConfigurationList = DF36BCD02450829E00E976EF /* Build configuration list for PBXNativeTarget "LandmarksUITests" */;
			buildPhases = (
				DF36BCBD2450829E00E976EF /* Sources */,
				DF36BCBE2450829E00E976EF /* Frameworks */,
				DF36BCBF2450829E00E976EF /* Resources */,
			);
			buildRules = (
			);
			dependencies = (
				DF36BCC32450829E00E976EF /* PBXTargetDependency */,
			);
			name = LandmarksUITests;
			productName = LandmarksUITests;
			productReference = DF36BCC12450829E00E976EF /* LandmarksUITests.xctest */;
			productType = "com.apple.product-type.bundle.ui-testing";
		};
/* End PBXNativeTarget section */

/* Begin PBXProject section */
		DF36BC952450829600E976EF /* Project object */ = {
			isa = PBXProject;
			attributes = {
				LastSwiftUpdateCheck = 1130;
				LastUpgradeCheck = 1130;
				ORGANIZATIONNAME = "Bat-Orshikh Baavgaikhuu";
				TargetAttributes = {
					DF36BC9C2450829600E976EF = {
						CreatedOnToolsVersion = 11.3.1;
					};
					DF36BCB52450829E00E976EF = {
						CreatedOnToolsVersion = 11.3.1;
						TestTargetID = DF36BC9C2450829600E976EF;
					};
					DF36BCC02450829E00E976EF = {
						CreatedOnToolsVersion = 11.3.1;
						TestTargetID = DF36BC9C2450829600E976EF;
					};
				};
			};
			buildConfigurationList = DF36BC982450829600E976EF /* Build configuration list for PBXProject "Landmarks" */;
			compatibilityVersion = "Xcode 9.3";
			developmentRegion = en;
			hasScannedForEncodings = 0;
			knownRegions = (
				en,
				Base,
			);
			mainGroup = DF36BC942450829600E976EF;
			productRefGroup = DF36BC9E2450829600E976EF /* Products */;
			projectDirPath = "";
			projectRoot = "";
			targets = (
				DF36BC9C2450829600E976EF /* Landmarks */,
				DF36BCB52450829E00E976EF /* LandmarksTests */,
				DF36BCC02450829E00E976EF /* LandmarksUITests */,
			);
		};
/* End PBXProject section */

/* Begin PBXResourcesBuildPhase section */
		DF36BC9B2450829600E976EF /* Resources */ = {
			isa = PBXResourcesBuildPhase;
			buildActionMask = 2147483647;
			files = (
				DF36BCB02450829E00E976EF /* LaunchScreen.storyboard in Resources */,
				DF36BCAD2450829E00E976EF /* Preview Assets.xcassets in Resources */,
				DF36BCAA2450829E00E976EF /* Assets.xcassets in Resources */,
			);
			runOnlyForDeploymentPostprocessing = 0;
		};
		DF36BCB42450829E00E976EF /* Resources */ = {
			isa = PBXResourcesBuildPhase;
			buildActionMask = 2147483647;
			files = (
			);
			runOnlyForDeploymentPostprocessing = 0;
		};
		DF36BCBF2450829E00E976EF /* Resources */ = {
			isa = PBXResourcesBuildPhase;
			buildActionMask = 2147483647;
			files = (
			);
			runOnlyForDeploymentPostprocessing = 0;
		};
/* End PBXResourcesBuildPhase section */

/* Begin PBXSourcesBuildPhase section */
		DF36BC992450829600E976EF /* Sources */ = {
			isa = PBXSourcesBuildPhase;
			buildActionMask = 2147483647;
			files = (
				DF36BCA12450829600E976EF /* AppDelegate.swift in Sources */,
				DF36BCA32450829600E976EF /* SceneDelegate.swift in Sources */,
				DF36BCA82450829600E976EF /* ContentView.swift in Sources */,
				DF36BCA62450829600E976EF /* Landmarks.xcdatamodeld in Sources */,
			);
			runOnlyForDeploymentPostprocessing = 0;
		};
		DF36BCB22450829E00E976EF /* Sources */ = {
			isa = PBXSourcesBuildPhase;
			buildActionMask = 2147483647;
			files = (
				DF36BCBB2450829E00E976EF /* LandmarksTests.swift in Sources */,
			);
			runOnlyForDeploymentPostprocessing = 0;
		};
		DF36BCBD2450829E00E976EF /* Sources */ = {
			isa = PBXSourcesBuildPhase;
			buildActionMask = 2147483647;
			files = (
				DF36BCC62450829E00E976EF /* LandmarksUITests.swift in Sources */,
			);
			runOnlyForDeploymentPostprocessing = 0;
		};
/* End PBXSourcesBuildPhase section */

/* Begin PBXTargetDependency section */
		DF36BCB82450829E00E976EF /* PBXTargetDependency */ = {
			isa = PBXTargetDependency;
			target = DF36BC9C2450829600E976EF /* Landmarks */;
			targetProxy = DF36BCB72450829E00E976EF /* PBXContainerItemProxy */;
		};
		DF36BCC32450829E00E976EF /* PBXTargetDependency */ = {
			isa = PBXTargetDependency;
			target = DF36BC9C2450829600E976EF /* Landmarks */;
			targetProxy = DF36BCC22450829E00E976EF /* PBXContainerItemProxy */;
		};
/* End PBXTargetDependency section */

/* Begin PBXVariantGroup section */
		DF36BCAE2450829E00E976EF /* LaunchScreen.storyboard */ = {
			isa = PBXVariantGroup;
			children = (
				DF36BCAF2450829E00E976EF /* Base */,
			);
			name = LaunchScreen.storyboard;
			sourceTree = "<group>";
		};
/* End PBXVariantGroup section */

/* Begin XCBuildConfiguration section */
		DF36BCC82450829E00E976EF /* Debug */ = {
			isa = XCBuildConfiguration;
			buildSettings = {
				ALWAYS_SEARCH_USER_PATHS = NO;
				CLANG_ANALYZER_NONNULL = YES;
				CLANG_ANALYZER_NUMBER_OBJECT_CONVERSION = YES_AGGRESSIVE;
				CLANG_CXX_LANGUAGE_STANDARD = "gnu++14";
				CLANG_CXX_LIBRARY = "libc++";
				CLANG_ENABLE_MODULES = YES;
				CLANG_ENABLE_OBJC_ARC = YES;
				CLANG_ENABLE_OBJC_WEAK = YES;
				CLANG_WARN_BLOCK_CAPTURE_AUTORELEASING = YES;
				CLANG_WARN_BOOL_CONVERSION = YES;
				CLANG_WARN_COMMA = YES;
				CLANG_WARN_CONSTANT_CONVERSION = YES;
				CLANG_WARN_DEPRECATED_OBJC_IMPLEMENTATIONS = YES;
				CLANG_WARN_DIRECT_OBJC_ISA_USAGE = YES_ERROR;
				CLANG_WARN_DOCUMENTATION_COMMENTS = YES;
				CLANG_WARN_EMPTY_BODY = YES;
				CLANG_WARN_ENUM_CONVERSION = YES;
				CLANG_WARN_INFINITE_RECURSION = YES;
				CLANG_WARN_INT_CONVERSION = YES;
				CLANG_WARN_NON_LITERAL_NULL_CONVERSION = YES;
				CLANG_WARN_OBJC_IMPLICIT_RETAIN_SELF = YES;
				CLANG_WARN_OBJC_LITERAL_CONVERSION = YES;
				CLANG_WARN_OBJC_ROOT_CLASS = YES_ERROR;
				CLANG_WARN_RANGE_LOOP_ANALYSIS = YES;
				CLANG_WARN_STRICT_PROTOTYPES = YES;
				CLANG_WARN_SUSPICIOUS_MOVE = YES;
				CLANG_WARN_UNGUARDED_AVAILABILITY = YES_AGGRESSIVE;
				CLANG_WARN_UNREACHABLE_CODE = YES;
				CLANG_WARN__DUPLICATE_METHOD_MATCH = YES;
				COPY_PHASE_STRIP = NO;
				DEBUG_INFORMATION_FORMAT = dwarf;
				ENABLE_STRICT_OBJC_MSGSEND = YES;
				ENABLE_TESTABILITY = YES;
				GCC_C_LANGUAGE_STANDARD = gnu11;
				GCC_DYNAMIC_NO_PIC = NO;
				GCC_NO_COMMON_BLOCKS = YES;
				GCC_OPTIMIZATION_LEVEL = 0;
				GCC_PREPROCESSOR_DEFINITIONS = (
					"DEBUG=1",
					"$(inherited)",
				);
				GCC_WARN_64_TO_32_BIT_CONVERSION = YES;
				GCC_WARN_ABOUT_RETURN_TYPE = YES_ERROR;
				GCC_WARN_UNDECLARED_SELECTOR = YES;
				GCC_WARN_UNINITIALIZED_AUTOS = YES_AGGRESSIVE;
				GCC_WARN_UNUSED_FUNCTION = YES;
				GCC_WARN_UNUSED_VARIABLE = YES;
				IPHONEOS_DEPLOYMENT_TARGET = 13.2;
				MTL_ENABLE_DEBUG_INFO = INCLUDE_SOURCE;
				MTL_FAST_MATH = YES;
				ONLY_ACTIVE_ARCH = YES;
				SDKROOT = iphoneos;
				SWIFT_ACTIVE_COMPILATION_CONDITIONS = DEBUG;
				SWIFT_OPTIMIZATION_LEVEL = "-Onone";
			};
			name = Debug;
		};
		DF36BCC92450829E00E976EF /* Release */ = {
			isa = XCBuildConfiguration;
			buildSettings = {
				ALWAYS_SEARCH_USER_PATHS = NO;
				CLANG_ANALYZER_NONNULL = YES;
				CLANG_ANALYZER_NUMBER_OBJECT_CONVERSION = YES_AGGRESSIVE;
				CLANG_CXX_LANGUAGE_STANDARD = "gnu++14";
				CLANG_CXX_LIBRARY = "libc++";
				CLANG_ENABLE_MODULES = YES;
				CLANG_ENABLE_OBJC_ARC = YES;
				CLANG_ENABLE_OBJC_WEAK = YES;
				CLANG_WARN_BLOCK_CAPTURE_AUTORELEASING = YES;
				CLANG_WARN_BOOL_CONVERSION = YES;
				CLANG_WARN_COMMA = YES;
				CLANG_WARN_CONSTANT_CONVERSION = YES;
				CLANG_WARN_DEPRECATED_OBJC_IMPLEMENTATIONS = YES;
				CLANG_WARN_DIRECT_OBJC_ISA_USAGE = YES_ERROR;
				CLANG_WARN_DOCUMENTATION_COMMENTS = YES;
				CLANG_WARN_EMPTY_BODY = YES;
				CLANG_WARN_ENUM_CONVERSION = YES;
				CLANG_WARN_INFINITE_RECURSION = YES;
				CLANG_WARN_INT_CONVERSION = YES;
				CLANG_WARN_NON_LITERAL_NULL_CONVERSION = YES;
				CLANG_WARN_OBJC_IMPLICIT_RETAIN_SELF = YES;
				CLANG_WARN_OBJC_LITERAL_CONVERSION = YES;
				CLANG_WARN_OBJC_ROOT_CLASS = YES_ERROR;
				CLANG_WARN_RANGE_LOOP_ANALYSIS = YES;
				CLANG_WARN_STRICT_PROTOTYPES = YES;
				CLANG_WARN_SUSPICIOUS_MOVE = YES;
				CLANG_WARN_UNGUARDED_AVAILABILITY = YES_AGGRESSIVE;
				CLANG_WARN_UNREACHABLE_CODE = YES;
				CLANG_WARN__DUPLICATE_METHOD_MATCH = YES;
				COPY_PHASE_STRIP = NO;
				DEBUG_INFORMATION_FORMAT = "dwarf-with-dsym";
				ENABLE_NS_ASSERTIONS = NO;
				ENABLE_STRICT_OBJC_MSGSEND = YES;
				GCC_C_LANGUAGE_STANDARD = gnu11;
				GCC_NO_COMMON_BLOCKS = YES;
				GCC_WARN_64_TO_32_BIT_CONVERSION = YES;
				GCC_WARN_ABOUT_RETURN_TYPE = YES_ERROR;
				GCC_WARN_UNDECLARED_SELECTOR = YES;
				GCC_WARN_UNINITIALIZED_AUTOS = YES_AGGRESSIVE;
				GCC_WARN_UNUSED_FUNCTION = YES;
				GCC_WARN_UNUSED_VARIABLE = YES;
				IPHONEOS_DEPLOYMENT_TARGET = 13.2;
				MTL_ENABLE_DEBUG_INFO = NO;
				MTL_FAST_MATH = YES;
				SDKROOT = iphoneos;
				SWIFT_COMPILATION_MODE = wholemodule;
				SWIFT_OPTIMIZATION_LEVEL = "-O";
				VALIDATE_PRODUCT = YES;
			};
			name = Release;
		};
		DF36BCCB2450829E00E976EF /* Debug */ = {
			isa = XCBuildConfiguration;
			buildSettings = {
				ASSETCATALOG_COMPILER_APPICON_NAME = AppIcon;
				CODE_SIGN_STYLE = Automatic;
				DEVELOPMENT_ASSET_PATHS = "\"Landmarks/Preview Content\"";
				DEVELOPMENT_TEAM = 26W89JQ8S8;
				ENABLE_PREVIEWS = YES;
				INFOPLIST_FILE = Landmarks/Info.plist;
				LD_RUNPATH_SEARCH_PATHS = (
					"$(inherited)",
					"@executable_path/Frameworks",
				);
				PRODUCT_BUNDLE_IDENTIFIER = mn.batorshikh.Landmarks;
				PRODUCT_NAME = "$(TARGET_NAME)";
				SWIFT_VERSION = 5.0;
				TARGETED_DEVICE_FAMILY = "1,2";
			};
			name = Debug;
		};
		DF36BCCC2450829E00E976EF /* Release */ = {
			isa = XCBuildConfiguration;
			buildSettings = {
				ASSETCATALOG_COMPILER_APPICON_NAME = AppIcon;
				CODE_SIGN_STYLE = Automatic;
				DEVELOPMENT_ASSET_PATHS = "\"Landmarks/Preview Content\"";
				DEVELOPMENT_TEAM = 26W89JQ8S8;
				ENABLE_PREVIEWS = YES;
				INFOPLIST_FILE = Landmarks/Info.plist;
				LD_RUNPATH_SEARCH_PATHS = (
					"$(inherited)",
					"@executable_path/Frameworks",
				);
				PRODUCT_BUNDLE_IDENTIFIER = mn.batorshikh.Landmarks;
				PRODUCT_NAME = "$(TARGET_NAME)";
				SWIFT_VERSION = 5.0;
				TARGETED_DEVICE_FAMILY = "1,2";
			};
			name = Release;
		};
		DF36BCCE2450829E00E976EF /* Debug */ = {
			isa = XCBuildConfiguration;
			buildSettings = {
				ALWAYS_EMBED_SWIFT_STANDARD_LIBRARIES = YES;
				BUNDLE_LOADER = "$(TEST_HOST)";
				CODE_SIGN_STYLE = Automatic;
				DEVELOPMENT_TEAM = 26W89JQ8S8;
				INFOPLIST_FILE = LandmarksTests/Info.plist;
				IPHONEOS_DEPLOYMENT_TARGET = 13.2;
				LD_RUNPATH_SEARCH_PATHS = (
					"$(inherited)",
					"@executable_path/Frameworks",
					"@loader_path/Frameworks",
				);
				PRODUCT_BUNDLE_IDENTIFIER = mn.batorshikh.LandmarksTests;
				PRODUCT_NAME = "$(TARGET_NAME)";
				SWIFT_VERSION = 5.0;
				TARGETED_DEVICE_FAMILY = "1,2";
				TEST_HOST = "$(BUILT_PRODUCTS_DIR)/Landmarks.app/Landmarks";
			};
			name = Debug;
		};
		DF36BCCF2450829E00E976EF /* Release */ = {
			isa = XCBuildConfiguration;
			buildSettings = {
				ALWAYS_EMBED_SWIFT_STANDARD_LIBRARIES = YES;
				BUNDLE_LOADER = "$(TEST_HOST)";
				CODE_SIGN_STYLE = Automatic;
				DEVELOPMENT_TEAM = 26W89JQ8S8;
				INFOPLIST_FILE = LandmarksTests/Info.plist;
				IPHONEOS_DEPLOYMENT_TARGET = 13.2;
				LD_RUNPATH_SEARCH_PATHS = (
					"$(inherited)",
					"@executable_path/Frameworks",
					"@loader_path/Frameworks",
				);
				PRODUCT_BUNDLE_IDENTIFIER = mn.batorshikh.LandmarksTests;
				PRODUCT_NAME = "$(TARGET_NAME)";
				SWIFT_VERSION = 5.0;
				TARGETED_DEVICE_FAMILY = "1,2";
				TEST_HOST = "$(BUILT_PRODUCTS_DIR)/Landmarks.app/Landmarks";
			};
			name = Release;
		};
		DF36BCD12450829E00E976EF /* Debug */ = {
			isa = XCBuildConfiguration;
			buildSettings = {
				ALWAYS_EMBED_SWIFT_STANDARD_LIBRARIES = YES;
				CODE_SIGN_STYLE = Automatic;
				DEVELOPMENT_TEAM = 26W89JQ8S8;
				INFOPLIST_FILE = LandmarksUITests/Info.plist;
				LD_RUNPATH_SEARCH_PATHS = (
					"$(inherited)",
					"@executable_path/Frameworks",
					"@loader_path/Frameworks",
				);
				PRODUCT_BUNDLE_IDENTIFIER = mn.batorshikh.LandmarksUITests;
				PRODUCT_NAME = "$(TARGET_NAME)";
				SWIFT_VERSION = 5.0;
				TARGETED_DEVICE_FAMILY = "1,2";
				TEST_TARGET_NAME = Landmarks;
			};
			name = Debug;
		};
		DF36BCD22450829E00E976EF /* Release */ = {
			isa = XCBuildConfiguration;
			buildSettings = {
				ALWAYS_EMBED_SWIFT_STANDARD_LIBRARIES = YES;
				CODE_SIGN_STYLE = Automatic;
				DEVELOPMENT_TEAM = 26W89JQ8S8;
				INFOPLIST_FILE = LandmarksUITests/Info.plist;
				LD_RUNPATH_SEARCH_PATHS = (
					"$(inherited)",
					"@executable_path/Frameworks",
					"@loader_path/Frameworks",
				);
				PRODUCT_BUNDLE_IDENTIFIER = mn.batorshikh.LandmarksUITests;
				PRODUCT_NAME = "$(TARGET_NAME)";
				SWIFT_VERSION = 5.0;
				TARGETED_DEVICE_FAMILY = "1,2";
				TEST_TARGET_NAME = Landmarks;
			};
			name = Release;
		};
/* End XCBuildConfiguration section */

/* Begin XCConfigurationList section */
		DF36BC982450829600E976EF /* Build configuration list for PBXProject "Landmarks" */ = {
			isa = XCConfigurationList;
			buildConfigurations = (
				DF36BCC82450829E00E976EF /* Debug */,
				DF36BCC92450829E00E976EF /* Release */,
			);
			defaultConfigurationIsVisible = 0;
			defaultConfigurationName = Release;
		};
		DF36BCCA2450829E00E976EF /* Build configuration list for PBXNativeTarget "Landmarks" */ = {
			isa = XCConfigurationList;
			buildConfigurations = (
				DF36BCCB2450829E00E976EF /* Debug */,
				DF36BCCC2450829E00E976EF /* Release */,
			);
			defaultConfigurationIsVisible = 0;
			defaultConfigurationName = Release;
		};
		DF36BCCD2450829E00E976EF /* Build configuration list for PBXNativeTarget "LandmarksTests" */ = {
			isa = XCConfigurationList;
			buildConfigurations = (
				DF36BCCE2450829E00E976EF /* Debug */,
				DF36BCCF2450829E00E976EF /* Release */,
			);
			defaultConfigurationIsVisible = 0;
			defaultConfigurationName = Release;
		};
		DF36BCD02450829E00E976EF /* Build configuration list for PBXNativeTarget "LandmarksUITests" */ = {
			isa = XCConfigurationList;
			buildConfigurations = (
				DF36BCD12450829E00E976EF /* Debug */,
				DF36BCD22450829E00E976EF /* Release */,
			);
			defaultConfigurationIsVisible = 0;
			defaultConfigurationName = Release;
		};
/* End XCConfigurationList section */

/* Begin XCVersionGroup section */
		DF36BCA42450829600E976EF /* Landmarks.xcdatamodeld */ = {
			isa = XCVersionGroup;
			children = (
				DF36BCA52450829600E976EF /* Landmarks.xcdatamodel */,
			);
			currentVersion = DF36BCA52450829600E976EF /* Landmarks.xcdatamodel */;
			path = Landmarks.xcdatamodeld;
			sourceTree = "<group>";
			versionGroupType = wrapper.xcdatamodel;
		};
/* End XCVersionGroup section */
	};
	rootObject = DF36BC952450829600E976EF /* Project object */;
}
